
Microsoft Visual Studio Solution File, Format Version 12.00
# Visual Studio Version 17
VisualStudioVersion = 17.1.32210.238
MinimumVisualStudioVersion = 10.0.40219.1
Project("{8BC9CEB8-8B4A-11D0-8D11-00A0C91BC942}") = "XCore_APPService", "XEngine_Core\XCore_APPService\XCore_APPService.vcxproj", "{BBAC24D4-3BBB-4A82-8FC1-405C23EDA032}"
EndProject
Project("{2150E333-8FDC-42A3-9474-1A3956D46DE8}") = "XEngine_Lib", "XEngine_Lib", "{C2E175D6-0D1C-4B22-A125-B80EDA41E00F}"
EndProject
Project("{2150E333-8FDC-42A3-9474-1A3956D46DE8}") = "XEngine_Core", "XEngine_Core", "{72C747A8-8A31-4776-A587-352FEE8F8E6E}"
EndProject
Project("{8BC9CEB8-8B4A-11D0-8D11-00A0C91BC942}") = "Lib_APPBaselib", "XEngine_Lib\Lib_APPBaselib\Lib_APPBaselib.vcxproj", "{DA2A2EE9-7EB3-405F-91A5-DD39C64C0100}"
EndProject
Project("{8BC9CEB8-8B4A-11D0-8D11-00A0C91BC942}") = "Lib_APPAlgorithm", "XEngine_Lib\Lib_APPAlgorithm\Lib_APPAlgorithm.vcxproj", "{30B86D7C-FC30-41A2-96EE-CB67F1A6EFEA}"
EndProject
Project("{8BC9CEB8-8B4A-11D0-8D11-00A0C91BC942}") = "XCore_APPPool", "XEngine_Core\XCore_APPPool\XCore_APPPool.vcxproj", "{0E29767B-1C36-454E-BEDF-AF906DBF40A4}"
EndProject
Project("{8BC9CEB8-8B4A-11D0-8D11-00A0C91BC942}") = "XCore_APPTest", "XEngine_Core\XCore_APPTest\XCore_APPTest.vcxproj", "{A9311FC5-E9F5-46DA-82CC-D5C849A549F5}"
EndProject
Project("{8BC9CEB8-8B4A-11D0-8D11-00A0C91BC942}") = "XCore_PIPClient", "XEngine_Core\XCore_PIPClient\XCore_PIPClient.vcxproj", "{FD1FF344-1324-4B5D-BAF4-8EC71D191136}"
EndProject
Project("{8BC9CEB8-8B4A-11D0-8D11-00A0C91BC942}") = "XCore_APPProtocol", "XEngine_Core\XCore_APPProtocol\XCore_APPProtocol.vcxproj", "{1396F7E8-970E-4CD3-AE5C-BFFCE54C7696}"
EndProject
Project("{8BC9CEB8-8B4A-11D0-8D11-00A0C91BC942}") = "XCore_APPSsl", "XEngine_Core\XCore_APPSsl\XCore_APPSsl.vcxproj", "{9F155551-0353-427A-9619-6FBD339CC353}"
EndProject
Project("{2150E333-8FDC-42A3-9474-1A3956D46DE8}") = "XEngine_Client", "XEngine_Client", "{F56A895A-09C9-47F6-A1D8-E0F8BE745EE1}"
EndProject
Project("{8BC9CEB8-8B4A-11D0-8D11-00A0C91BC942}") = "XClient_Socket", "XEngine_Client\XClient_Socket\XClient_Socket.vcxproj", "{517BEC80-8481-4609-B476-20E84CD6666B}"
EndProject
Project("{8BC9CEB8-8B4A-11D0-8D11-00A0C91BC942}") = "XCore_APPSslServer", "XEngine_Core\XCore_APPSslServer\XCore_APPSslServer.vcxproj", "{5125DCBB-A86F-4922-A59B-50A547486BFE}"
EndProject
Project("{8BC9CEB8-8B4A-11D0-8D11-00A0C91BC942}") = "XClient_APPSSLClient", "XEngine_Client\XClient_APPSSLClient\XClient_APPSSLClient.vcxproj", "{F6628650-391B-48B1-A661-710D8CB1E3A6}"
EndProject
Project("{2150E333-8FDC-42A3-9474-1A3956D46DE8}") = "XEngine_HelpComponents", "XEngine_HelpComponents", "{DFBBF18B-EEA1-4798-BB31-598457CAC9D7}"
EndProject
Project("{8BC9CEB8-8B4A-11D0-8D11-00A0C91BC942}") = "HelpComponents_APPPacket", "XEngine_HelpComponents\HelpComponents_APPPacket\HelpComponents_APPPacket.vcxproj", "{9083DFFE-796A-46B9-8EEE-F6DFCB569851}"
EndProject
Project("{8BC9CEB8-8B4A-11D0-8D11-00A0C91BC942}") = "HelpComponents_APPCompress", "XEngine_HelpComponents\HelpComponents_APPCompress\HelpComponents_APPCompress.vcxproj", "{C2722B1B-D418-4089-8456-0A9CE0E67EC0}"
EndProject
Project("{8BC9CEB8-8B4A-11D0-8D11-00A0C91BC942}") = "HelpComponents_APPBinPack", "XEngine_HelpComponents\HelpComponents_APPBinPack\HelpComponents_APPBinPack.vcxproj", "{FE441438-5570-477D-AF61-200C0BC762B9}"
EndProject
Project("{8BC9CEB8-8B4A-11D0-8D11-00A0C91BC942}") = "HelpComponents_APPLog", "XEngine_HelpComponents\HelpComponents_APPLog\HelpComponents_APPLog.vcxproj", "{1CE93B86-6A2B-46C3-9BF4-CECB42AEBAE4}"
EndProject
Project("{8BC9CEB8-8B4A-11D0-8D11-00A0C91BC942}") = "HelpComponents_APPDatabase", "XEngine_HelpComponents\HelpComponents_APPDatabase\HelpComponents_APPDatabase.vcxproj", "{F894FA97-CE66-4259-93DE-0D76E93CA247}"
EndProject
Project("{2150E333-8FDC-42A3-9474-1A3956D46DE8}") = "XEngine_SystemSdk", "XEngine_SystemSdk", "{469C4B62-5651-4885-B82F-18D661B25115}"
EndProject
Project("{8BC9CEB8-8B4A-11D0-8D11-00A0C91BC942}") = "SystemSdk_APPApi", "XEngine_SystemSdk\SystemSdk_APPApi\SystemSdk_APPApi.vcxproj", "{62A75C49-D755-428D-A93A-7D879178E2A1}"
EndProject
Project("{2150E333-8FDC-42A3-9474-1A3956D46DE8}") = "XEngine_NetHelp", "XEngine_NetHelp", "{ACD20A6C-A82B-4F2B-9257-E36421D9C78C}"
EndProject
Project("{8BC9CEB8-8B4A-11D0-8D11-00A0C91BC942}") = "NetHelp_APPApi", "XEngine_NetHelp\NetHelp_APPApi\NetHelp_APPApi.vcxproj", "{7DC8260E-E437-4946-83C9-71659ED771F4}"
EndProject
Project("{2150E333-8FDC-42A3-9474-1A3956D46DE8}") = "XEngine_RfcComponents", "XEngine_RfcComponents", "{A11E0BB3-4C3C-432C-B528-3417CAD0D5B1}"
EndProject
Project("{8BC9CEB8-8B4A-11D0-8D11-00A0C91BC942}") = "RfcComponents_APPHttp", "XEngine_RfcComponents\RfcComponents_APPHttp\RfcComponents_APPHttp.vcxproj", "{D29DF6B5-72FD-489A-B3C8-83EDF4DA76B0}"
EndProject
Project("{8BC9CEB8-8B4A-11D0-8D11-00A0C91BC942}") = "RfcComponents_APPWebSocket", "XEngine_RfcComponents\RfcComponents_APPWebSocket\RfcComponents_APPWebSocket.vcxproj", "{C888D914-0682-4A46-A790-F9B95B56C526}"
EndProject
Project("{8BC9CEB8-8B4A-11D0-8D11-00A0C91BC942}") = "RfcComponents_APPNat", "XEngine_RfcComponents\RfcComponents_APPNat\RfcComponents_APPNat.vcxproj", "{0CC9EA85-C5C2-4D91-8AF0-961D1933FFCC}"
EndProject
Project("{8BC9CEB8-8B4A-11D0-8D11-00A0C91BC942}") = "RfcComponents_SIPServer", "XEngine_RfcComponents\RfcComponents_SIPServer\RfcComponents_SIPServer.vcxproj", "{B02304BF-FDBF-4B83-A9D7-CDF3E6D7ACBF}"
EndProject
Project("{8BC9CEB8-8B4A-11D0-8D11-00A0C91BC942}") = "RfcComponents_SIPClient", "XEngine_RfcComponents\RfcComponents_SIPClient\RfcComponents_SIPClient.vcxproj", "{3A00A0C7-72BB-4787-92C3-0A4D92EF9FA2}"
EndProject
Project("{2150E333-8FDC-42A3-9474-1A3956D46DE8}") = "XEngine_StreamMedia", "XEngine_StreamMedia", "{54FEE2BB-EBE2-4F7B-9A24-BF6D3CD2FD79}"
EndProject
Project("{8BC9CEB8-8B4A-11D0-8D11-00A0C91BC942}") = "StreamMedia_APPRTPProtocol", "XEngine_StreamMedia\StreamMedia_APPRTPProtocol\StreamMedia_APPRTPProtocol.vcxproj", "{34DCB397-9240-46F7-B63F-6697FCF39E88}"
EndProject
Project("{8BC9CEB8-8B4A-11D0-8D11-00A0C91BC942}") = "StreamMedia_APPRtsp", "XEngine_StreamMedia\StreamMedia_APPRtsp\StreamMedia_APPRtsp.vcxproj", "{D6054E3F-CA71-4E42-B6C6-BDBD9FDB05D9}"
EndProject
Project("{8BC9CEB8-8B4A-11D0-8D11-00A0C91BC942}") = "SystemApi_APPFile", "XEngine_SystemSdk\SystemApi_APPFile\SystemApi_APPFile.vcxproj", "{18984DDB-15C1-4609-9346-E4B81A1A0095}"
EndProject
Project("{8BC9CEB8-8B4A-11D0-8D11-00A0C91BC942}") = "RfcComponents_APPSnmp", "XEngine_RfcComponents\RfcComponents_APPSnmp\RfcComponents_APPSnmp.vcxproj", "{90235039-A6DC-4AAE-9B44-DEF9EA60CC92}"
EndProject
Project("{8BC9CEB8-8B4A-11D0-8D11-00A0C91BC942}") = "RfcComponents_APPHttp2", "XEngine_RfcComponents\RfcComponents_APPHttp2\RfcComponents_APPHttp2.vcxproj", "{37A0E0C7-7BF9-4394-A97E-E45B6610FDF8}"
EndProject
Project("{8BC9CEB8-8B4A-11D0-8D11-00A0C91BC942}") = "RfcComponents_APPMQTT", "XEngine_RfcComponents\RfcComponents_APPMQTT\RfcComponents_APPMQTT.vcxproj", "{38222526-960C-4E97-9DBB-B506A69E5CB0}"
EndProject
Project("{8BC9CEB8-8B4A-11D0-8D11-00A0C91BC942}") = "RfcComponents_APPSSDPProtocol", "XEngine_RfcComponents\RfcComponents_APPSSDPProtocol\RfcComponents_APPSSDPProtocol.vcxproj", "{9F381CF1-C2A8-44C6-AB11-EC534266532F}"
EndProject
Project("{8BC9CEB8-8B4A-11D0-8D11-00A0C91BC942}") = "RfcComponents_APPProxy", "XEngine_RfcComponents\RfcComponents_APPProxy\RfcComponents_APPProxy.vcxproj", "{81EB725E-4509-48BA-84E2-CEA0D6F6BF28}"
EndProject
Project("{2150E333-8FDC-42A3-9474-1A3956D46DE8}") = "XEngine_AVCodec", "XEngine_AVCodec", "{99B8C535-9BF4-44F2-96FB-04DE9C68D1D7}"
EndProject
Project("{8BC9CEB8-8B4A-11D0-8D11-00A0C91BC942}") = "AVCodec_APPAudio", "XEngine_AVCodec\AVCodec_APPAudio\AVCodec_APPAudio.vcxproj", "{44568DB6-B091-4E17-B33D-923D82C05006}"
EndProject
Project("{8BC9CEB8-8B4A-11D0-8D11-00A0C91BC942}") = "AVCodec_APPCollect", "XEngine_AVCodec\AVCodec_APPCollect\AVCodec_APPCollect.vcxproj", "{838ED97A-8A01-45E4-9E8C-1D8EC095B27E}"
EndProject
Project("{8BC9CEB8-8B4A-11D0-8D11-00A0C91BC942}") = "AVCodec_APPHelp", "XEngine_AVCodec\AVCodec_APPHelp\AVCodec_APPHelp.vcxproj", "{248EE1BB-D757-41CA-BF83-2FEC7718CCD2}"
EndProject
Project("{8BC9CEB8-8B4A-11D0-8D11-00A0C91BC942}") = "AVCodec_APPRecordMaster", "XEngine_AVCodec\AVCodec_APPRecordMaster\AVCodec_APPRecordMaster.vcxproj", "{DF138BF9-A930-45C6-82F1-5A2B7AF2DA2B}"
EndProject
Project("{8BC9CEB8-8B4A-11D0-8D11-00A0C91BC942}") = "AVCodec_APPVideo", "XEngine_AVCodec\AVCodec_APPVideo\AVCodec_APPVideo.vcxproj", "{590C48E1-4C73-40E4-B584-6765C51E62A2}"
EndProject
Project("{8BC9CEB8-8B4A-11D0-8D11-00A0C91BC942}") = "StreamMedia_APPFlv", "XEngine_StreamMedia\StreamMedia_APPFlv\StreamMedia_APPFlv.vcxproj", "{39797600-EB4F-48A9-B5BA-2B47B16A63D6}"
EndProject
Project("{8BC9CEB8-8B4A-11D0-8D11-00A0C91BC942}") = "StreamMedia_APPRtmp", "XEngine_StreamMedia\StreamMedia_APPRtmp\StreamMedia_APPRtmp.vcxproj", "{22C64D10-6A6F-44B0-851E-0CBD3017ADCE}"
EndProject
Project("{2150E333-8FDC-42A3-9474-1A3956D46DE8}") = "解决方案项", "解决方案项", "{B8D1DB00-9F01-41E6-BF3C-9C3E4BB17BA1}"
	ProjectSection(SolutionItems) = preProject
		XEngine_ExampleHdr.h = XEngine_ExampleHdr.h
	EndProjectSection
EndProject
Project("{8BC9CEB8-8B4A-11D0-8D11-00A0C91BC942}") = "StreamMedia_APPTs", "XEngine_StreamMedia\StreamMedia_APPTs\StreamMedia_APPTs.vcxproj", "{7F8E6699-176D-4C27-87E5-1ED417CC429B}"
EndProject
Project("{8BC9CEB8-8B4A-11D0-8D11-00A0C91BC942}") = "StreamMedia_APPSDPProtocol", "XEngine_StreamMedia\StreamMedia_APPSDPProtocol\StreamMedia_APPSDPProtocol.vcxproj", "{0166F4F9-6432-4499-B50A-35CF51A75E20}"
EndProject
Project("{8BC9CEB8-8B4A-11D0-8D11-00A0C91BC942}") = "AVCodec_APPFilter", "XEngine_AVCodec\AVCodec_APPFilter\AVCodec_APPFilter.vcxproj", "{FF480A12-92F2-4555-BE18-3164620799CF}"
EndProject
Project("{8BC9CEB8-8B4A-11D0-8D11-00A0C91BC942}") = "XClient_Stream", "XEngine_Client\XClient_Stream\XClient_Stream.vcxproj", "{0E8867A1-EC77-4162-ACC2-D1555A00C717}"
EndProject
Project("{8BC9CEB8-8B4A-11D0-8D11-00A0C91BC942}") = "XClient_APIHelp", "XEngine_Client\XClient_APIHelp\XClient_APIHelp.vcxproj", "{B815FF20-C7C5-4EA2-88C3-A560C94A7695}"
EndProject
Project("{8BC9CEB8-8B4A-11D0-8D11-00A0C91BC942}") = "NetHelp_APPXSocket", "XEngine_NetHelp\NetHelp_APPXSocket\NetHelp_APPXSocket.vcxproj", "{CA1CC3F0-51D9-40DC-BFCE-E2E93B0555B0}"
EndProject
Project("{8BC9CEB8-8B4A-11D0-8D11-00A0C91BC942}") = "StreamMedia_MP4App", "XEngine_StreamMedia\StreamMedia_MP4App\StreamMedia_MP4App.vcxproj", "{326F10A6-C7D7-43AA-9C2C-EFC909C2EDAC}"
EndProject
Project("{8BC9CEB8-8B4A-11D0-8D11-00A0C91BC942}") = "HelpComponents_APPWBlack", "XEngine_HelpComponents\HelpComponents_APPWBlack\HelpComponents_APPWBlack.vcxproj", "{8D264B28-37FB-4376-B601-E25FF5C8E657}"
EndProject
Project("{8BC9CEB8-8B4A-11D0-8D11-00A0C91BC942}") = "RfcComponents_APPNtp", "XEngine_RfcComponents\RfcComponents_APPNtp\RfcComponents_APPNtp.vcxproj", "{FECE188C-3F65-421F-95D2-8A81901F63FC}"
EndProject
Project("{8BC9CEB8-8B4A-11D0-8D11-00A0C91BC942}") = "NetHelp_APPFlow", "XEngine_NetHelp\NetHelp_APPFlow\NetHelp_APPFlow.vcxproj", "{8DE661C9-0584-4F48-8273-879589195EDE}"
EndProject
Project("{8BC9CEB8-8B4A-11D0-8D11-00A0C91BC942}") = "AVCodec_APPFormat", "XEngine_AVCodec\AVCodec_APPFormat\AVCodec_APPFormat.vcxproj", "{BCEA7008-61BA-49F5-881F-BE2D37D783D8}"
EndProject
Project("{8BC9CEB8-8B4A-11D0-8D11-00A0C91BC942}") = "Lib_APPSafe", "XEngine_Lib\Lib_APPSafe\Lib_APPSafe.vcxproj", "{E52F80F2-2199-40C9-812E-BC0F0A5D8001}"
EndProject
Project("{8BC9CEB8-8B4A-11D0-8D11-00A0C91BC942}") = "AVCodec_APPFrame", "XEngine_AVCodec\AVCodec_APPFrame\AVCodec_APPFrame.vcxproj", "{9CBD8708-FDE4-4CC1-B24C-F9048797ED27}"
EndProject
Global
	GlobalSection(SolutionConfigurationPlatforms) = preSolution
		Debug|x64 = Debug|x64
		Debug|x86 = Debug|x86
		Release|x64 = Release|x64
		Release|x86 = Release|x86
	EndGlobalSection
	GlobalSection(ProjectConfigurationPlatforms) = postSolution
		{BBAC24D4-3BBB-4A82-8FC1-405C23EDA032}.Debug|x64.ActiveCfg = Debug|x64
		{BBAC24D4-3BBB-4A82-8FC1-405C23EDA032}.Debug|x64.Build.0 = Debug|x64
		{BBAC24D4-3BBB-4A82-8FC1-405C23EDA032}.Debug|x86.ActiveCfg = Debug|Win32
		{BBAC24D4-3BBB-4A82-8FC1-405C23EDA032}.Debug|x86.Build.0 = Debug|Win32
		{BBAC24D4-3BBB-4A82-8FC1-405C23EDA032}.Release|x64.ActiveCfg = Release|x64
		{BBAC24D4-3BBB-4A82-8FC1-405C23EDA032}.Release|x64.Build.0 = Release|x64
		{BBAC24D4-3BBB-4A82-8FC1-405C23EDA032}.Release|x86.ActiveCfg = Release|Win32
		{BBAC24D4-3BBB-4A82-8FC1-405C23EDA032}.Release|x86.Build.0 = Release|Win32
		{DA2A2EE9-7EB3-405F-91A5-DD39C64C0100}.Debug|x64.ActiveCfg = Debug|x64
		{DA2A2EE9-7EB3-405F-91A5-DD39C64C0100}.Debug|x64.Build.0 = Debug|x64
		{DA2A2EE9-7EB3-405F-91A5-DD39C64C0100}.Debug|x86.ActiveCfg = Debug|Win32
		{DA2A2EE9-7EB3-405F-91A5-DD39C64C0100}.Debug|x86.Build.0 = Debug|Win32
		{DA2A2EE9-7EB3-405F-91A5-DD39C64C0100}.Release|x64.ActiveCfg = Release|x64
		{DA2A2EE9-7EB3-405F-91A5-DD39C64C0100}.Release|x64.Build.0 = Release|x64
		{DA2A2EE9-7EB3-405F-91A5-DD39C64C0100}.Release|x86.ActiveCfg = Release|Win32
		{DA2A2EE9-7EB3-405F-91A5-DD39C64C0100}.Release|x86.Build.0 = Release|Win32
		{30B86D7C-FC30-41A2-96EE-CB67F1A6EFEA}.Debug|x64.ActiveCfg = Debug|x64
		{30B86D7C-FC30-41A2-96EE-CB67F1A6EFEA}.Debug|x64.Build.0 = Debug|x64
		{30B86D7C-FC30-41A2-96EE-CB67F1A6EFEA}.Debug|x86.ActiveCfg = Debug|Win32
		{30B86D7C-FC30-41A2-96EE-CB67F1A6EFEA}.Debug|x86.Build.0 = Debug|Win32
		{30B86D7C-FC30-41A2-96EE-CB67F1A6EFEA}.Release|x64.ActiveCfg = Release|x64
		{30B86D7C-FC30-41A2-96EE-CB67F1A6EFEA}.Release|x64.Build.0 = Release|x64
		{30B86D7C-FC30-41A2-96EE-CB67F1A6EFEA}.Release|x86.ActiveCfg = Release|Win32
		{30B86D7C-FC30-41A2-96EE-CB67F1A6EFEA}.Release|x86.Build.0 = Release|Win32
		{0E29767B-1C36-454E-BEDF-AF906DBF40A4}.Debug|x64.ActiveCfg = Debug|x64
		{0E29767B-1C36-454E-BEDF-AF906DBF40A4}.Debug|x64.Build.0 = Debug|x64
		{0E29767B-1C36-454E-BEDF-AF906DBF40A4}.Debug|x86.ActiveCfg = Debug|Win32
		{0E29767B-1C36-454E-BEDF-AF906DBF40A4}.Debug|x86.Build.0 = Debug|Win32
		{0E29767B-1C36-454E-BEDF-AF906DBF40A4}.Release|x64.ActiveCfg = Release|x64
		{0E29767B-1C36-454E-BEDF-AF906DBF40A4}.Release|x64.Build.0 = Release|x64
		{0E29767B-1C36-454E-BEDF-AF906DBF40A4}.Release|x86.ActiveCfg = Release|Win32
		{0E29767B-1C36-454E-BEDF-AF906DBF40A4}.Release|x86.Build.0 = Release|Win32
		{A9311FC5-E9F5-46DA-82CC-D5C849A549F5}.Debug|x64.ActiveCfg = Debug|x64
		{A9311FC5-E9F5-46DA-82CC-D5C849A549F5}.Debug|x64.Build.0 = Debug|x64
		{A9311FC5-E9F5-46DA-82CC-D5C849A549F5}.Debug|x86.ActiveCfg = Debug|Win32
		{A9311FC5-E9F5-46DA-82CC-D5C849A549F5}.Debug|x86.Build.0 = Debug|Win32
		{A9311FC5-E9F5-46DA-82CC-D5C849A549F5}.Release|x64.ActiveCfg = Release|x64
		{A9311FC5-E9F5-46DA-82CC-D5C849A549F5}.Release|x64.Build.0 = Release|x64
		{A9311FC5-E9F5-46DA-82CC-D5C849A549F5}.Release|x86.ActiveCfg = Release|Win32
		{A9311FC5-E9F5-46DA-82CC-D5C849A549F5}.Release|x86.Build.0 = Release|Win32
		{FD1FF344-1324-4B5D-BAF4-8EC71D191136}.Debug|x64.ActiveCfg = Debug|x64
		{FD1FF344-1324-4B5D-BAF4-8EC71D191136}.Debug|x64.Build.0 = Debug|x64
		{FD1FF344-1324-4B5D-BAF4-8EC71D191136}.Debug|x86.ActiveCfg = Debug|Win32
		{FD1FF344-1324-4B5D-BAF4-8EC71D191136}.Debug|x86.Build.0 = Debug|Win32
		{FD1FF344-1324-4B5D-BAF4-8EC71D191136}.Release|x64.ActiveCfg = Release|x64
		{FD1FF344-1324-4B5D-BAF4-8EC71D191136}.Release|x64.Build.0 = Release|x64
		{FD1FF344-1324-4B5D-BAF4-8EC71D191136}.Release|x86.ActiveCfg = Release|Win32
		{FD1FF344-1324-4B5D-BAF4-8EC71D191136}.Release|x86.Build.0 = Release|Win32
		{1396F7E8-970E-4CD3-AE5C-BFFCE54C7696}.Debug|x64.ActiveCfg = Debug|x64
		{1396F7E8-970E-4CD3-AE5C-BFFCE54C7696}.Debug|x64.Build.0 = Debug|x64
		{1396F7E8-970E-4CD3-AE5C-BFFCE54C7696}.Debug|x86.ActiveCfg = Debug|Win32
		{1396F7E8-970E-4CD3-AE5C-BFFCE54C7696}.Debug|x86.Build.0 = Debug|Win32
		{1396F7E8-970E-4CD3-AE5C-BFFCE54C7696}.Release|x64.ActiveCfg = Release|x64
		{1396F7E8-970E-4CD3-AE5C-BFFCE54C7696}.Release|x64.Build.0 = Release|x64
		{1396F7E8-970E-4CD3-AE5C-BFFCE54C7696}.Release|x86.ActiveCfg = Release|Win32
		{1396F7E8-970E-4CD3-AE5C-BFFCE54C7696}.Release|x86.Build.0 = Release|Win32
		{9F155551-0353-427A-9619-6FBD339CC353}.Debug|x64.ActiveCfg = Debug|x64
		{9F155551-0353-427A-9619-6FBD339CC353}.Debug|x64.Build.0 = Debug|x64
		{9F155551-0353-427A-9619-6FBD339CC353}.Debug|x86.ActiveCfg = Debug|Win32
		{9F155551-0353-427A-9619-6FBD339CC353}.Debug|x86.Build.0 = Debug|Win32
		{9F155551-0353-427A-9619-6FBD339CC353}.Release|x64.ActiveCfg = Release|x64
		{9F155551-0353-427A-9619-6FBD339CC353}.Release|x64.Build.0 = Release|x64
		{9F155551-0353-427A-9619-6FBD339CC353}.Release|x86.ActiveCfg = Release|Win32
		{9F155551-0353-427A-9619-6FBD339CC353}.Release|x86.Build.0 = Release|Win32
		{517BEC80-8481-4609-B476-20E84CD6666B}.Debug|x64.ActiveCfg = Debug|x64
		{517BEC80-8481-4609-B476-20E84CD6666B}.Debug|x64.Build.0 = Debug|x64
		{517BEC80-8481-4609-B476-20E84CD6666B}.Debug|x86.ActiveCfg = Debug|Win32
		{517BEC80-8481-4609-B476-20E84CD6666B}.Debug|x86.Build.0 = Debug|Win32
		{517BEC80-8481-4609-B476-20E84CD6666B}.Release|x64.ActiveCfg = Release|x64
		{517BEC80-8481-4609-B476-20E84CD6666B}.Release|x64.Build.0 = Release|x64
		{517BEC80-8481-4609-B476-20E84CD6666B}.Release|x86.ActiveCfg = Release|Win32
		{517BEC80-8481-4609-B476-20E84CD6666B}.Release|x86.Build.0 = Release|Win32
		{5125DCBB-A86F-4922-A59B-50A547486BFE}.Debug|x64.ActiveCfg = Debug|x64
		{5125DCBB-A86F-4922-A59B-50A547486BFE}.Debug|x64.Build.0 = Debug|x64
		{5125DCBB-A86F-4922-A59B-50A547486BFE}.Debug|x86.ActiveCfg = Debug|Win32
		{5125DCBB-A86F-4922-A59B-50A547486BFE}.Debug|x86.Build.0 = Debug|Win32
		{5125DCBB-A86F-4922-A59B-50A547486BFE}.Release|x64.ActiveCfg = Release|x64
		{5125DCBB-A86F-4922-A59B-50A547486BFE}.Release|x64.Build.0 = Release|x64
		{5125DCBB-A86F-4922-A59B-50A547486BFE}.Release|x86.ActiveCfg = Release|Win32
		{5125DCBB-A86F-4922-A59B-50A547486BFE}.Release|x86.Build.0 = Release|Win32
		{F6628650-391B-48B1-A661-710D8CB1E3A6}.Debug|x64.ActiveCfg = Debug|x64
		{F6628650-391B-48B1-A661-710D8CB1E3A6}.Debug|x64.Build.0 = Debug|x64
		{F6628650-391B-48B1-A661-710D8CB1E3A6}.Debug|x86.ActiveCfg = Debug|Win32
		{F6628650-391B-48B1-A661-710D8CB1E3A6}.Debug|x86.Build.0 = Debug|Win32
		{F6628650-391B-48B1-A661-710D8CB1E3A6}.Release|x64.ActiveCfg = Release|x64
		{F6628650-391B-48B1-A661-710D8CB1E3A6}.Release|x64.Build.0 = Release|x64
		{F6628650-391B-48B1-A661-710D8CB1E3A6}.Release|x86.ActiveCfg = Release|Win32
		{F6628650-391B-48B1-A661-710D8CB1E3A6}.Release|x86.Build.0 = Release|Win32
		{9083DFFE-796A-46B9-8EEE-F6DFCB569851}.Debug|x64.ActiveCfg = Debug|x64
		{9083DFFE-796A-46B9-8EEE-F6DFCB569851}.Debug|x64.Build.0 = Debug|x64
		{9083DFFE-796A-46B9-8EEE-F6DFCB569851}.Debug|x86.ActiveCfg = Debug|Win32
		{9083DFFE-796A-46B9-8EEE-F6DFCB569851}.Debug|x86.Build.0 = Debug|Win32
		{9083DFFE-796A-46B9-8EEE-F6DFCB569851}.Release|x64.ActiveCfg = Release|x64
		{9083DFFE-796A-46B9-8EEE-F6DFCB569851}.Release|x64.Build.0 = Release|x64
		{9083DFFE-796A-46B9-8EEE-F6DFCB569851}.Release|x86.ActiveCfg = Release|Win32
		{9083DFFE-796A-46B9-8EEE-F6DFCB569851}.Release|x86.Build.0 = Release|Win32
		{C2722B1B-D418-4089-8456-0A9CE0E67EC0}.Debug|x64.ActiveCfg = Debug|x64
		{C2722B1B-D418-4089-8456-0A9CE0E67EC0}.Debug|x64.Build.0 = Debug|x64
		{C2722B1B-D418-4089-8456-0A9CE0E67EC0}.Debug|x86.ActiveCfg = Debug|Win32
		{C2722B1B-D418-4089-8456-0A9CE0E67EC0}.Debug|x86.Build.0 = Debug|Win32
		{C2722B1B-D418-4089-8456-0A9CE0E67EC0}.Release|x64.ActiveCfg = Release|x64
		{C2722B1B-D418-4089-8456-0A9CE0E67EC0}.Release|x64.Build.0 = Release|x64
		{C2722B1B-D418-4089-8456-0A9CE0E67EC0}.Release|x86.ActiveCfg = Release|Win32
		{C2722B1B-D418-4089-8456-0A9CE0E67EC0}.Release|x86.Build.0 = Release|Win32
		{FE441438-5570-477D-AF61-200C0BC762B9}.Debug|x64.ActiveCfg = Debug|x64
		{FE441438-5570-477D-AF61-200C0BC762B9}.Debug|x64.Build.0 = Debug|x64
		{FE441438-5570-477D-AF61-200C0BC762B9}.Debug|x86.ActiveCfg = Debug|Win32
		{FE441438-5570-477D-AF61-200C0BC762B9}.Debug|x86.Build.0 = Debug|Win32
		{FE441438-5570-477D-AF61-200C0BC762B9}.Release|x64.ActiveCfg = Release|x64
		{FE441438-5570-477D-AF61-200C0BC762B9}.Release|x64.Build.0 = Release|x64
		{FE441438-5570-477D-AF61-200C0BC762B9}.Release|x86.ActiveCfg = Release|Win32
		{FE441438-5570-477D-AF61-200C0BC762B9}.Release|x86.Build.0 = Release|Win32
		{1CE93B86-6A2B-46C3-9BF4-CECB42AEBAE4}.Debug|x64.ActiveCfg = Debug|x64
		{1CE93B86-6A2B-46C3-9BF4-CECB42AEBAE4}.Debug|x64.Build.0 = Debug|x64
		{1CE93B86-6A2B-46C3-9BF4-CECB42AEBAE4}.Debug|x86.ActiveCfg = Debug|Win32
		{1CE93B86-6A2B-46C3-9BF4-CECB42AEBAE4}.Debug|x86.Build.0 = Debug|Win32
		{1CE93B86-6A2B-46C3-9BF4-CECB42AEBAE4}.Release|x64.ActiveCfg = Release|x64
		{1CE93B86-6A2B-46C3-9BF4-CECB42AEBAE4}.Release|x64.Build.0 = Release|x64
		{1CE93B86-6A2B-46C3-9BF4-CECB42AEBAE4}.Release|x86.ActiveCfg = Release|Win32
		{1CE93B86-6A2B-46C3-9BF4-CECB42AEBAE4}.Release|x86.Build.0 = Release|Win32
		{F894FA97-CE66-4259-93DE-0D76E93CA247}.Debug|x64.ActiveCfg = Debug|x64
		{F894FA97-CE66-4259-93DE-0D76E93CA247}.Debug|x64.Build.0 = Debug|x64
		{F894FA97-CE66-4259-93DE-0D76E93CA247}.Debug|x86.ActiveCfg = Debug|Win32
		{F894FA97-CE66-4259-93DE-0D76E93CA247}.Debug|x86.Build.0 = Debug|Win32
		{F894FA97-CE66-4259-93DE-0D76E93CA247}.Release|x64.ActiveCfg = Release|x64
		{F894FA97-CE66-4259-93DE-0D76E93CA247}.Release|x64.Build.0 = Release|x64
		{F894FA97-CE66-4259-93DE-0D76E93CA247}.Release|x86.ActiveCfg = Release|Win32
		{F894FA97-CE66-4259-93DE-0D76E93CA247}.Release|x86.Build.0 = Release|Win32
		{62A75C49-D755-428D-A93A-7D879178E2A1}.Debug|x64.ActiveCfg = Debug|x64
		{62A75C49-D755-428D-A93A-7D879178E2A1}.Debug|x64.Build.0 = Debug|x64
		{62A75C49-D755-428D-A93A-7D879178E2A1}.Debug|x86.ActiveCfg = Debug|Win32
		{62A75C49-D755-428D-A93A-7D879178E2A1}.Debug|x86.Build.0 = Debug|Win32
		{62A75C49-D755-428D-A93A-7D879178E2A1}.Release|x64.ActiveCfg = Release|x64
		{62A75C49-D755-428D-A93A-7D879178E2A1}.Release|x64.Build.0 = Release|x64
		{62A75C49-D755-428D-A93A-7D879178E2A1}.Release|x86.ActiveCfg = Release|Win32
		{62A75C49-D755-428D-A93A-7D879178E2A1}.Release|x86.Build.0 = Release|Win32
		{7DC8260E-E437-4946-83C9-71659ED771F4}.Debug|x64.ActiveCfg = Debug|x64
		{7DC8260E-E437-4946-83C9-71659ED771F4}.Debug|x64.Build.0 = Debug|x64
		{7DC8260E-E437-4946-83C9-71659ED771F4}.Debug|x86.ActiveCfg = Debug|Win32
		{7DC8260E-E437-4946-83C9-71659ED771F4}.Debug|x86.Build.0 = Debug|Win32
		{7DC8260E-E437-4946-83C9-71659ED771F4}.Release|x64.ActiveCfg = Release|x64
		{7DC8260E-E437-4946-83C9-71659ED771F4}.Release|x64.Build.0 = Release|x64
		{7DC8260E-E437-4946-83C9-71659ED771F4}.Release|x86.ActiveCfg = Release|Win32
		{7DC8260E-E437-4946-83C9-71659ED771F4}.Release|x86.Build.0 = Release|Win32
		{D29DF6B5-72FD-489A-B3C8-83EDF4DA76B0}.Debug|x64.ActiveCfg = Debug|x64
		{D29DF6B5-72FD-489A-B3C8-83EDF4DA76B0}.Debug|x64.Build.0 = Debug|x64
		{D29DF6B5-72FD-489A-B3C8-83EDF4DA76B0}.Debug|x86.ActiveCfg = Debug|Win32
		{D29DF6B5-72FD-489A-B3C8-83EDF4DA76B0}.Debug|x86.Build.0 = Debug|Win32
		{D29DF6B5-72FD-489A-B3C8-83EDF4DA76B0}.Release|x64.ActiveCfg = Release|x64
		{D29DF6B5-72FD-489A-B3C8-83EDF4DA76B0}.Release|x64.Build.0 = Release|x64
		{D29DF6B5-72FD-489A-B3C8-83EDF4DA76B0}.Release|x86.ActiveCfg = Release|Win32
		{D29DF6B5-72FD-489A-B3C8-83EDF4DA76B0}.Release|x86.Build.0 = Release|Win32
		{C888D914-0682-4A46-A790-F9B95B56C526}.Debug|x64.ActiveCfg = Debug|x64
		{C888D914-0682-4A46-A790-F9B95B56C526}.Debug|x64.Build.0 = Debug|x64
		{C888D914-0682-4A46-A790-F9B95B56C526}.Debug|x86.ActiveCfg = Debug|Win32
		{C888D914-0682-4A46-A790-F9B95B56C526}.Debug|x86.Build.0 = Debug|Win32
		{C888D914-0682-4A46-A790-F9B95B56C526}.Release|x64.ActiveCfg = Release|x64
		{C888D914-0682-4A46-A790-F9B95B56C526}.Release|x64.Build.0 = Release|x64
		{C888D914-0682-4A46-A790-F9B95B56C526}.Release|x86.ActiveCfg = Release|Win32
		{C888D914-0682-4A46-A790-F9B95B56C526}.Release|x86.Build.0 = Release|Win32
		{0CC9EA85-C5C2-4D91-8AF0-961D1933FFCC}.Debug|x64.ActiveCfg = Debug|x64
		{0CC9EA85-C5C2-4D91-8AF0-961D1933FFCC}.Debug|x64.Build.0 = Debug|x64
		{0CC9EA85-C5C2-4D91-8AF0-961D1933FFCC}.Debug|x86.ActiveCfg = Debug|Win32
		{0CC9EA85-C5C2-4D91-8AF0-961D1933FFCC}.Debug|x86.Build.0 = Debug|Win32
		{0CC9EA85-C5C2-4D91-8AF0-961D1933FFCC}.Release|x64.ActiveCfg = Release|x64
		{0CC9EA85-C5C2-4D91-8AF0-961D1933FFCC}.Release|x64.Build.0 = Release|x64
		{0CC9EA85-C5C2-4D91-8AF0-961D1933FFCC}.Release|x86.ActiveCfg = Release|Win32
		{0CC9EA85-C5C2-4D91-8AF0-961D1933FFCC}.Release|x86.Build.0 = Release|Win32
		{B02304BF-FDBF-4B83-A9D7-CDF3E6D7ACBF}.Debug|x64.ActiveCfg = Debug|x64
		{B02304BF-FDBF-4B83-A9D7-CDF3E6D7ACBF}.Debug|x64.Build.0 = Debug|x64
		{B02304BF-FDBF-4B83-A9D7-CDF3E6D7ACBF}.Debug|x86.ActiveCfg = Debug|Win32
		{B02304BF-FDBF-4B83-A9D7-CDF3E6D7ACBF}.Debug|x86.Build.0 = Debug|Win32
		{B02304BF-FDBF-4B83-A9D7-CDF3E6D7ACBF}.Release|x64.ActiveCfg = Release|x64
		{B02304BF-FDBF-4B83-A9D7-CDF3E6D7ACBF}.Release|x64.Build.0 = Release|x64
		{B02304BF-FDBF-4B83-A9D7-CDF3E6D7ACBF}.Release|x86.ActiveCfg = Release|Win32
		{B02304BF-FDBF-4B83-A9D7-CDF3E6D7ACBF}.Release|x86.Build.0 = Release|Win32
		{3A00A0C7-72BB-4787-92C3-0A4D92EF9FA2}.Debug|x64.ActiveCfg = Debug|x64
		{3A00A0C7-72BB-4787-92C3-0A4D92EF9FA2}.Debug|x64.Build.0 = Debug|x64
		{3A00A0C7-72BB-4787-92C3-0A4D92EF9FA2}.Debug|x86.ActiveCfg = Debug|Win32
		{3A00A0C7-72BB-4787-92C3-0A4D92EF9FA2}.Debug|x86.Build.0 = Debug|Win32
		{3A00A0C7-72BB-4787-92C3-0A4D92EF9FA2}.Release|x64.ActiveCfg = Release|x64
		{3A00A0C7-72BB-4787-92C3-0A4D92EF9FA2}.Release|x64.Build.0 = Release|x64
		{3A00A0C7-72BB-4787-92C3-0A4D92EF9FA2}.Release|x86.ActiveCfg = Release|Win32
		{3A00A0C7-72BB-4787-92C3-0A4D92EF9FA2}.Release|x86.Build.0 = Release|Win32
		{34DCB397-9240-46F7-B63F-6697FCF39E88}.Debug|x64.ActiveCfg = Debug|x64
		{34DCB397-9240-46F7-B63F-6697FCF39E88}.Debug|x64.Build.0 = Debug|x64
		{34DCB397-9240-46F7-B63F-6697FCF39E88}.Debug|x86.ActiveCfg = Debug|Win32
		{34DCB397-9240-46F7-B63F-6697FCF39E88}.Debug|x86.Build.0 = Debug|Win32
		{34DCB397-9240-46F7-B63F-6697FCF39E88}.Release|x64.ActiveCfg = Release|x64
		{34DCB397-9240-46F7-B63F-6697FCF39E88}.Release|x64.Build.0 = Release|x64
		{34DCB397-9240-46F7-B63F-6697FCF39E88}.Release|x86.ActiveCfg = Release|Win32
		{34DCB397-9240-46F7-B63F-6697FCF39E88}.Release|x86.Build.0 = Release|Win32
		{D6054E3F-CA71-4E42-B6C6-BDBD9FDB05D9}.Debug|x64.ActiveCfg = Debug|x64
		{D6054E3F-CA71-4E42-B6C6-BDBD9FDB05D9}.Debug|x64.Build.0 = Debug|x64
		{D6054E3F-CA71-4E42-B6C6-BDBD9FDB05D9}.Debug|x86.ActiveCfg = Debug|Win32
		{D6054E3F-CA71-4E42-B6C6-BDBD9FDB05D9}.Debug|x86.Build.0 = Debug|Win32
		{D6054E3F-CA71-4E42-B6C6-BDBD9FDB05D9}.Release|x64.ActiveCfg = Release|x64
		{D6054E3F-CA71-4E42-B6C6-BDBD9FDB05D9}.Release|x64.Build.0 = Release|x64
		{D6054E3F-CA71-4E42-B6C6-BDBD9FDB05D9}.Release|x86.ActiveCfg = Release|Win32
		{D6054E3F-CA71-4E42-B6C6-BDBD9FDB05D9}.Release|x86.Build.0 = Release|Win32
		{18984DDB-15C1-4609-9346-E4B81A1A0095}.Debug|x64.ActiveCfg = Debug|x64
		{18984DDB-15C1-4609-9346-E4B81A1A0095}.Debug|x64.Build.0 = Debug|x64
		{18984DDB-15C1-4609-9346-E4B81A1A0095}.Debug|x86.ActiveCfg = Debug|Win32
		{18984DDB-15C1-4609-9346-E4B81A1A0095}.Debug|x86.Build.0 = Debug|Win32
		{18984DDB-15C1-4609-9346-E4B81A1A0095}.Release|x64.ActiveCfg = Release|x64
		{18984DDB-15C1-4609-9346-E4B81A1A0095}.Release|x64.Build.0 = Release|x64
		{18984DDB-15C1-4609-9346-E4B81A1A0095}.Release|x86.ActiveCfg = Release|Win32
		{18984DDB-15C1-4609-9346-E4B81A1A0095}.Release|x86.Build.0 = Release|Win32
		{90235039-A6DC-4AAE-9B44-DEF9EA60CC92}.Debug|x64.ActiveCfg = Debug|x64
		{90235039-A6DC-4AAE-9B44-DEF9EA60CC92}.Debug|x64.Build.0 = Debug|x64
		{90235039-A6DC-4AAE-9B44-DEF9EA60CC92}.Debug|x86.ActiveCfg = Debug|Win32
		{90235039-A6DC-4AAE-9B44-DEF9EA60CC92}.Debug|x86.Build.0 = Debug|Win32
		{90235039-A6DC-4AAE-9B44-DEF9EA60CC92}.Release|x64.ActiveCfg = Release|x64
		{90235039-A6DC-4AAE-9B44-DEF9EA60CC92}.Release|x64.Build.0 = Release|x64
		{90235039-A6DC-4AAE-9B44-DEF9EA60CC92}.Release|x86.ActiveCfg = Release|Win32
		{90235039-A6DC-4AAE-9B44-DEF9EA60CC92}.Release|x86.Build.0 = Release|Win32
		{37A0E0C7-7BF9-4394-A97E-E45B6610FDF8}.Debug|x64.ActiveCfg = Debug|x64
		{37A0E0C7-7BF9-4394-A97E-E45B6610FDF8}.Debug|x64.Build.0 = Debug|x64
		{37A0E0C7-7BF9-4394-A97E-E45B6610FDF8}.Debug|x86.ActiveCfg = Debug|Win32
		{37A0E0C7-7BF9-4394-A97E-E45B6610FDF8}.Debug|x86.Build.0 = Debug|Win32
		{37A0E0C7-7BF9-4394-A97E-E45B6610FDF8}.Release|x64.ActiveCfg = Release|x64
		{37A0E0C7-7BF9-4394-A97E-E45B6610FDF8}.Release|x64.Build.0 = Release|x64
		{37A0E0C7-7BF9-4394-A97E-E45B6610FDF8}.Release|x86.ActiveCfg = Release|Win32
		{37A0E0C7-7BF9-4394-A97E-E45B6610FDF8}.Release|x86.Build.0 = Release|Win32
		{38222526-960C-4E97-9DBB-B506A69E5CB0}.Debug|x64.ActiveCfg = Debug|x64
		{38222526-960C-4E97-9DBB-B506A69E5CB0}.Debug|x64.Build.0 = Debug|x64
		{38222526-960C-4E97-9DBB-B506A69E5CB0}.Debug|x86.ActiveCfg = Debug|Win32
		{38222526-960C-4E97-9DBB-B506A69E5CB0}.Debug|x86.Build.0 = Debug|Win32
		{38222526-960C-4E97-9DBB-B506A69E5CB0}.Release|x64.ActiveCfg = Release|x64
		{38222526-960C-4E97-9DBB-B506A69E5CB0}.Release|x64.Build.0 = Release|x64
		{38222526-960C-4E97-9DBB-B506A69E5CB0}.Release|x86.ActiveCfg = Release|Win32
		{38222526-960C-4E97-9DBB-B506A69E5CB0}.Release|x86.Build.0 = Release|Win32
		{9F381CF1-C2A8-44C6-AB11-EC534266532F}.Debug|x64.ActiveCfg = Debug|x64
		{9F381CF1-C2A8-44C6-AB11-EC534266532F}.Debug|x64.Build.0 = Debug|x64
		{9F381CF1-C2A8-44C6-AB11-EC534266532F}.Debug|x86.ActiveCfg = Debug|Win32
		{9F381CF1-C2A8-44C6-AB11-EC534266532F}.Debug|x86.Build.0 = Debug|Win32
		{9F381CF1-C2A8-44C6-AB11-EC534266532F}.Release|x64.ActiveCfg = Release|x64
		{9F381CF1-C2A8-44C6-AB11-EC534266532F}.Release|x64.Build.0 = Release|x64
		{9F381CF1-C2A8-44C6-AB11-EC534266532F}.Release|x86.ActiveCfg = Release|Win32
		{9F381CF1-C2A8-44C6-AB11-EC534266532F}.Release|x86.Build.0 = Release|Win32
		{81EB725E-4509-48BA-84E2-CEA0D6F6BF28}.Debug|x64.ActiveCfg = Debug|x64
		{81EB725E-4509-48BA-84E2-CEA0D6F6BF28}.Debug|x64.Build.0 = Debug|x64
		{81EB725E-4509-48BA-84E2-CEA0D6F6BF28}.Debug|x86.ActiveCfg = Debug|Win32
		{81EB725E-4509-48BA-84E2-CEA0D6F6BF28}.Debug|x86.Build.0 = Debug|Win32
		{81EB725E-4509-48BA-84E2-CEA0D6F6BF28}.Release|x64.ActiveCfg = Release|x64
		{81EB725E-4509-48BA-84E2-CEA0D6F6BF28}.Release|x64.Build.0 = Release|x64
		{81EB725E-4509-48BA-84E2-CEA0D6F6BF28}.Release|x86.ActiveCfg = Release|Win32
		{81EB725E-4509-48BA-84E2-CEA0D6F6BF28}.Release|x86.Build.0 = Release|Win32
		{44568DB6-B091-4E17-B33D-923D82C05006}.Debug|x64.ActiveCfg = Debug|x64
		{44568DB6-B091-4E17-B33D-923D82C05006}.Debug|x64.Build.0 = Debug|x64
		{44568DB6-B091-4E17-B33D-923D82C05006}.Debug|x86.ActiveCfg = Debug|Win32
		{44568DB6-B091-4E17-B33D-923D82C05006}.Debug|x86.Build.0 = Debug|Win32
		{44568DB6-B091-4E17-B33D-923D82C05006}.Release|x64.ActiveCfg = Release|x64
		{44568DB6-B091-4E17-B33D-923D82C05006}.Release|x64.Build.0 = Release|x64
		{44568DB6-B091-4E17-B33D-923D82C05006}.Release|x86.ActiveCfg = Release|Win32
		{44568DB6-B091-4E17-B33D-923D82C05006}.Release|x86.Build.0 = Release|Win32
		{838ED97A-8A01-45E4-9E8C-1D8EC095B27E}.Debug|x64.ActiveCfg = Debug|x64
		{838ED97A-8A01-45E4-9E8C-1D8EC095B27E}.Debug|x64.Build.0 = Debug|x64
		{838ED97A-8A01-45E4-9E8C-1D8EC095B27E}.Debug|x86.ActiveCfg = Debug|Win32
		{838ED97A-8A01-45E4-9E8C-1D8EC095B27E}.Debug|x86.Build.0 = Debug|Win32
		{838ED97A-8A01-45E4-9E8C-1D8EC095B27E}.Release|x64.ActiveCfg = Release|x64
		{838ED97A-8A01-45E4-9E8C-1D8EC095B27E}.Release|x64.Build.0 = Release|x64
		{838ED97A-8A01-45E4-9E8C-1D8EC095B27E}.Release|x86.ActiveCfg = Release|Win32
		{838ED97A-8A01-45E4-9E8C-1D8EC095B27E}.Release|x86.Build.0 = Release|Win32
		{248EE1BB-D757-41CA-BF83-2FEC7718CCD2}.Debug|x64.ActiveCfg = Debug|x64
		{248EE1BB-D757-41CA-BF83-2FEC7718CCD2}.Debug|x64.Build.0 = Debug|x64
		{248EE1BB-D757-41CA-BF83-2FEC7718CCD2}.Debug|x86.ActiveCfg = Debug|Win32
		{248EE1BB-D757-41CA-BF83-2FEC7718CCD2}.Debug|x86.Build.0 = Debug|Win32
		{248EE1BB-D757-41CA-BF83-2FEC7718CCD2}.Release|x64.ActiveCfg = Release|x64
		{248EE1BB-D757-41CA-BF83-2FEC7718CCD2}.Release|x64.Build.0 = Release|x64
		{248EE1BB-D757-41CA-BF83-2FEC7718CCD2}.Release|x86.ActiveCfg = Release|Win32
		{248EE1BB-D757-41CA-BF83-2FEC7718CCD2}.Release|x86.Build.0 = Release|Win32
		{DF138BF9-A930-45C6-82F1-5A2B7AF2DA2B}.Debug|x64.ActiveCfg = Debug|x64
		{DF138BF9-A930-45C6-82F1-5A2B7AF2DA2B}.Debug|x64.Build.0 = Debug|x64
		{DF138BF9-A930-45C6-82F1-5A2B7AF2DA2B}.Debug|x86.ActiveCfg = Debug|Win32
		{DF138BF9-A930-45C6-82F1-5A2B7AF2DA2B}.Debug|x86.Build.0 = Debug|Win32
		{DF138BF9-A930-45C6-82F1-5A2B7AF2DA2B}.Release|x64.ActiveCfg = Release|x64
		{DF138BF9-A930-45C6-82F1-5A2B7AF2DA2B}.Release|x64.Build.0 = Release|x64
		{DF138BF9-A930-45C6-82F1-5A2B7AF2DA2B}.Release|x86.ActiveCfg = Release|Win32
		{DF138BF9-A930-45C6-82F1-5A2B7AF2DA2B}.Release|x86.Build.0 = Release|Win32
		{590C48E1-4C73-40E4-B584-6765C51E62A2}.Debug|x64.ActiveCfg = Debug|x64
		{590C48E1-4C73-40E4-B584-6765C51E62A2}.Debug|x64.Build.0 = Debug|x64
		{590C48E1-4C73-40E4-B584-6765C51E62A2}.Debug|x86.ActiveCfg = Debug|Win32
		{590C48E1-4C73-40E4-B584-6765C51E62A2}.Debug|x86.Build.0 = Debug|Win32
		{590C48E1-4C73-40E4-B584-6765C51E62A2}.Release|x64.ActiveCfg = Release|x64
		{590C48E1-4C73-40E4-B584-6765C51E62A2}.Release|x64.Build.0 = Release|x64
		{590C48E1-4C73-40E4-B584-6765C51E62A2}.Release|x86.ActiveCfg = Release|Win32
		{590C48E1-4C73-40E4-B584-6765C51E62A2}.Release|x86.Build.0 = Release|Win32
		{39797600-EB4F-48A9-B5BA-2B47B16A63D6}.Debug|x64.ActiveCfg = Debug|x64
		{39797600-EB4F-48A9-B5BA-2B47B16A63D6}.Debug|x64.Build.0 = Debug|x64
		{39797600-EB4F-48A9-B5BA-2B47B16A63D6}.Debug|x86.ActiveCfg = Debug|Win32
		{39797600-EB4F-48A9-B5BA-2B47B16A63D6}.Debug|x86.Build.0 = Debug|Win32
		{39797600-EB4F-48A9-B5BA-2B47B16A63D6}.Release|x64.ActiveCfg = Release|x64
		{39797600-EB4F-48A9-B5BA-2B47B16A63D6}.Release|x64.Build.0 = Release|x64
		{39797600-EB4F-48A9-B5BA-2B47B16A63D6}.Release|x86.ActiveCfg = Release|Win32
		{39797600-EB4F-48A9-B5BA-2B47B16A63D6}.Release|x86.Build.0 = Release|Win32
		{22C64D10-6A6F-44B0-851E-0CBD3017ADCE}.Debug|x64.ActiveCfg = Debug|x64
		{22C64D10-6A6F-44B0-851E-0CBD3017ADCE}.Debug|x64.Build.0 = Debug|x64
		{22C64D10-6A6F-44B0-851E-0CBD3017ADCE}.Debug|x86.ActiveCfg = Debug|Win32
		{22C64D10-6A6F-44B0-851E-0CBD3017ADCE}.Debug|x86.Build.0 = Debug|Win32
		{22C64D10-6A6F-44B0-851E-0CBD3017ADCE}.Release|x64.ActiveCfg = Release|x64
		{22C64D10-6A6F-44B0-851E-0CBD3017ADCE}.Release|x64.Build.0 = Release|x64
		{22C64D10-6A6F-44B0-851E-0CBD3017ADCE}.Release|x86.ActiveCfg = Release|Win32
		{22C64D10-6A6F-44B0-851E-0CBD3017ADCE}.Release|x86.Build.0 = Release|Win32
		{7F8E6699-176D-4C27-87E5-1ED417CC429B}.Debug|x64.ActiveCfg = Debug|x64
		{7F8E6699-176D-4C27-87E5-1ED417CC429B}.Debug|x64.Build.0 = Debug|x64
		{7F8E6699-176D-4C27-87E5-1ED417CC429B}.Debug|x86.ActiveCfg = Debug|Win32
		{7F8E6699-176D-4C27-87E5-1ED417CC429B}.Debug|x86.Build.0 = Debug|Win32
		{7F8E6699-176D-4C27-87E5-1ED417CC429B}.Release|x64.ActiveCfg = Release|x64
		{7F8E6699-176D-4C27-87E5-1ED417CC429B}.Release|x64.Build.0 = Release|x64
		{7F8E6699-176D-4C27-87E5-1ED417CC429B}.Release|x86.ActiveCfg = Release|Win32
		{7F8E6699-176D-4C27-87E5-1ED417CC429B}.Release|x86.Build.0 = Release|Win32
		{0166F4F9-6432-4499-B50A-35CF51A75E20}.Debug|x64.ActiveCfg = Debug|x64
		{0166F4F9-6432-4499-B50A-35CF51A75E20}.Debug|x64.Build.0 = Debug|x64
		{0166F4F9-6432-4499-B50A-35CF51A75E20}.Debug|x86.ActiveCfg = Debug|Win32
		{0166F4F9-6432-4499-B50A-35CF51A75E20}.Debug|x86.Build.0 = Debug|Win32
		{0166F4F9-6432-4499-B50A-35CF51A75E20}.Release|x64.ActiveCfg = Release|x64
		{0166F4F9-6432-4499-B50A-35CF51A75E20}.Release|x64.Build.0 = Release|x64
		{0166F4F9-6432-4499-B50A-35CF51A75E20}.Release|x86.ActiveCfg = Release|Win32
		{0166F4F9-6432-4499-B50A-35CF51A75E20}.Release|x86.Build.0 = Release|Win32
		{FF480A12-92F2-4555-BE18-3164620799CF}.Debug|x64.ActiveCfg = Debug|x64
		{FF480A12-92F2-4555-BE18-3164620799CF}.Debug|x64.Build.0 = Debug|x64
		{FF480A12-92F2-4555-BE18-3164620799CF}.Debug|x86.ActiveCfg = Debug|Win32
		{FF480A12-92F2-4555-BE18-3164620799CF}.Debug|x86.Build.0 = Debug|Win32
		{FF480A12-92F2-4555-BE18-3164620799CF}.Release|x64.ActiveCfg = Release|x64
		{FF480A12-92F2-4555-BE18-3164620799CF}.Release|x64.Build.0 = Release|x64
		{FF480A12-92F2-4555-BE18-3164620799CF}.Release|x86.ActiveCfg = Release|Win32
		{FF480A12-92F2-4555-BE18-3164620799CF}.Release|x86.Build.0 = Release|Win32
		{0E8867A1-EC77-4162-ACC2-D1555A00C717}.Debug|x64.ActiveCfg = Debug|x64
		{0E8867A1-EC77-4162-ACC2-D1555A00C717}.Debug|x64.Build.0 = Debug|x64
		{0E8867A1-EC77-4162-ACC2-D1555A00C717}.Debug|x86.ActiveCfg = Debug|Win32
		{0E8867A1-EC77-4162-ACC2-D1555A00C717}.Debug|x86.Build.0 = Debug|Win32
		{0E8867A1-EC77-4162-ACC2-D1555A00C717}.Release|x64.ActiveCfg = Release|x64
		{0E8867A1-EC77-4162-ACC2-D1555A00C717}.Release|x64.Build.0 = Release|x64
		{0E8867A1-EC77-4162-ACC2-D1555A00C717}.Release|x86.ActiveCfg = Release|Win32
		{0E8867A1-EC77-4162-ACC2-D1555A00C717}.Release|x86.Build.0 = Release|Win32
		{B815FF20-C7C5-4EA2-88C3-A560C94A7695}.Debug|x64.ActiveCfg = Debug|x64
		{B815FF20-C7C5-4EA2-88C3-A560C94A7695}.Debug|x64.Build.0 = Debug|x64
		{B815FF20-C7C5-4EA2-88C3-A560C94A7695}.Debug|x86.ActiveCfg = Debug|Win32
		{B815FF20-C7C5-4EA2-88C3-A560C94A7695}.Debug|x86.Build.0 = Debug|Win32
		{B815FF20-C7C5-4EA2-88C3-A560C94A7695}.Release|x64.ActiveCfg = Release|x64
		{B815FF20-C7C5-4EA2-88C3-A560C94A7695}.Release|x64.Build.0 = Release|x64
		{B815FF20-C7C5-4EA2-88C3-A560C94A7695}.Release|x86.ActiveCfg = Release|Win32
		{B815FF20-C7C5-4EA2-88C3-A560C94A7695}.Release|x86.Build.0 = Release|Win32
		{CA1CC3F0-51D9-40DC-BFCE-E2E93B0555B0}.Debug|x64.ActiveCfg = Debug|x64
		{CA1CC3F0-51D9-40DC-BFCE-E2E93B0555B0}.Debug|x64.Build.0 = Debug|x64
		{CA1CC3F0-51D9-40DC-BFCE-E2E93B0555B0}.Debug|x86.ActiveCfg = Debug|Win32
		{CA1CC3F0-51D9-40DC-BFCE-E2E93B0555B0}.Debug|x86.Build.0 = Debug|Win32
		{CA1CC3F0-51D9-40DC-BFCE-E2E93B0555B0}.Release|x64.ActiveCfg = Release|x64
		{CA1CC3F0-51D9-40DC-BFCE-E2E93B0555B0}.Release|x64.Build.0 = Release|x64
		{CA1CC3F0-51D9-40DC-BFCE-E2E93B0555B0}.Release|x86.ActiveCfg = Release|Win32
		{CA1CC3F0-51D9-40DC-BFCE-E2E93B0555B0}.Release|x86.Build.0 = Release|Win32
		{326F10A6-C7D7-43AA-9C2C-EFC909C2EDAC}.Debug|x64.ActiveCfg = Debug|x64
		{326F10A6-C7D7-43AA-9C2C-EFC909C2EDAC}.Debug|x64.Build.0 = Debug|x64
		{326F10A6-C7D7-43AA-9C2C-EFC909C2EDAC}.Debug|x86.ActiveCfg = Debug|Win32
		{326F10A6-C7D7-43AA-9C2C-EFC909C2EDAC}.Debug|x86.Build.0 = Debug|Win32
		{326F10A6-C7D7-43AA-9C2C-EFC909C2EDAC}.Release|x64.ActiveCfg = Release|x64
		{326F10A6-C7D7-43AA-9C2C-EFC909C2EDAC}.Release|x64.Build.0 = Release|x64
		{326F10A6-C7D7-43AA-9C2C-EFC909C2EDAC}.Release|x86.ActiveCfg = Release|Win32
		{326F10A6-C7D7-43AA-9C2C-EFC909C2EDAC}.Release|x86.Build.0 = Release|Win32
		{8D264B28-37FB-4376-B601-E25FF5C8E657}.Debug|x64.ActiveCfg = Debug|x64
		{8D264B28-37FB-4376-B601-E25FF5C8E657}.Debug|x64.Build.0 = Debug|x64
		{8D264B28-37FB-4376-B601-E25FF5C8E657}.Debug|x86.ActiveCfg = Debug|Win32
		{8D264B28-37FB-4376-B601-E25FF5C8E657}.Debug|x86.Build.0 = Debug|Win32
		{8D264B28-37FB-4376-B601-E25FF5C8E657}.Release|x64.ActiveCfg = Release|x64
		{8D264B28-37FB-4376-B601-E25FF5C8E657}.Release|x64.Build.0 = Release|x64
		{8D264B28-37FB-4376-B601-E25FF5C8E657}.Release|x86.ActiveCfg = Release|Win32
		{8D264B28-37FB-4376-B601-E25FF5C8E657}.Release|x86.Build.0 = Release|Win32
		{FECE188C-3F65-421F-95D2-8A81901F63FC}.Debug|x64.ActiveCfg = Debug|x64
		{FECE188C-3F65-421F-95D2-8A81901F63FC}.Debug|x64.Build.0 = Debug|x64
		{FECE188C-3F65-421F-95D2-8A81901F63FC}.Debug|x86.ActiveCfg = Debug|Win32
		{FECE188C-3F65-421F-95D2-8A81901F63FC}.Debug|x86.Build.0 = Debug|Win32
		{FECE188C-3F65-421F-95D2-8A81901F63FC}.Release|x64.ActiveCfg = Release|x64
		{FECE188C-3F65-421F-95D2-8A81901F63FC}.Release|x64.Build.0 = Release|x64
		{FECE188C-3F65-421F-95D2-8A81901F63FC}.Release|x86.ActiveCfg = Release|Win32
		{FECE188C-3F65-421F-95D2-8A81901F63FC}.Release|x86.Build.0 = Release|Win32
		{8DE661C9-0584-4F48-8273-879589195EDE}.Debug|x64.ActiveCfg = Debug|x64
		{8DE661C9-0584-4F48-8273-879589195EDE}.Debug|x64.Build.0 = Debug|x64
		{8DE661C9-0584-4F48-8273-879589195EDE}.Debug|x86.ActiveCfg = Debug|Win32
		{8DE661C9-0584-4F48-8273-879589195EDE}.Debug|x86.Build.0 = Debug|Win32
		{8DE661C9-0584-4F48-8273-879589195EDE}.Release|x64.ActiveCfg = Release|x64
		{8DE661C9-0584-4F48-8273-879589195EDE}.Release|x64.Build.0 = Release|x64
		{8DE661C9-0584-4F48-8273-879589195EDE}.Release|x86.ActiveCfg = Release|Win32
		{8DE661C9-0584-4F48-8273-879589195EDE}.Release|x86.Build.0 = Release|Win32
		{BCEA7008-61BA-49F5-881F-BE2D37D783D8}.Debug|x64.ActiveCfg = Debug|x64
		{BCEA7008-61BA-49F5-881F-BE2D37D783D8}.Debug|x64.Build.0 = Debug|x64
		{BCEA7008-61BA-49F5-881F-BE2D37D783D8}.Debug|x86.ActiveCfg = Debug|Win32
		{BCEA7008-61BA-49F5-881F-BE2D37D783D8}.Debug|x86.Build.0 = Debug|Win32
		{BCEA7008-61BA-49F5-881F-BE2D37D783D8}.Release|x64.ActiveCfg = Release|x64
		{BCEA7008-61BA-49F5-881F-BE2D37D783D8}.Release|x64.Build.0 = Release|x64
		{BCEA7008-61BA-49F5-881F-BE2D37D783D8}.Release|x86.ActiveCfg = Release|Win32
		{BCEA7008-61BA-49F5-881F-BE2D37D783D8}.Release|x86.Build.0 = Release|Win32
		{E52F80F2-2199-40C9-812E-BC0F0A5D8001}.Debug|x64.ActiveCfg = Debug|x64
		{E52F80F2-2199-40C9-812E-BC0F0A5D8001}.Debug|x64.Build.0 = Debug|x64
		{E52F80F2-2199-40C9-812E-BC0F0A5D8001}.Debug|x86.ActiveCfg = Debug|Win32
		{E52F80F2-2199-40C9-812E-BC0F0A5D8001}.Debug|x86.Build.0 = Debug|Win32
		{E52F80F2-2199-40C9-812E-BC0F0A5D8001}.Release|x64.ActiveCfg = Release|x64
		{E52F80F2-2199-40C9-812E-BC0F0A5D8001}.Release|x64.Build.0 = Release|x64
		{E52F80F2-2199-40C9-812E-BC0F0A5D8001}.Release|x86.ActiveCfg = Release|Win32
		{E52F80F2-2199-40C9-812E-BC0F0A5D8001}.Release|x86.Build.0 = Release|Win32
		{9CBD8708-FDE4-4CC1-B24C-F9048797ED27}.Debug|x64.ActiveCfg = Debug|x64
		{9CBD8708-FDE4-4CC1-B24C-F9048797ED27}.Debug|x64.Build.0 = Debug|x64
		{9CBD8708-FDE4-4CC1-B24C-F9048797ED27}.Debug|x86.ActiveCfg = Debug|Win32
		{9CBD8708-FDE4-4CC1-B24C-F9048797ED27}.Debug|x86.Build.0 = Debug|Win32
		{9CBD8708-FDE4-4CC1-B24C-F9048797ED27}.Release|x64.ActiveCfg = Release|x64
		{9CBD8708-FDE4-4CC1-B24C-F9048797ED27}.Release|x64.Build.0 = Release|x64
		{9CBD8708-FDE4-4CC1-B24C-F9048797ED27}.Release|x86.ActiveCfg = Release|Win32
		{9CBD8708-FDE4-4CC1-B24C-F9048797ED27}.Release|x86.Build.0 = Release|Win32
	EndGlobalSection
	GlobalSection(SolutionProperties) = preSolution
		HideSolutionNode = FALSE
	EndGlobalSection
	GlobalSection(NestedProjects) = preSolution
		{BBAC24D4-3BBB-4A82-8FC1-405C23EDA032} = {72C747A8-8A31-4776-A587-352FEE8F8E6E}
		{DA2A2EE9-7EB3-405F-91A5-DD39C64C0100} = {C2E175D6-0D1C-4B22-A125-B80EDA41E00F}
		{30B86D7C-FC30-41A2-96EE-CB67F1A6EFEA} = {C2E175D6-0D1C-4B22-A125-B80EDA41E00F}
		{0E29767B-1C36-454E-BEDF-AF906DBF40A4} = {72C747A8-8A31-4776-A587-352FEE8F8E6E}
		{A9311FC5-E9F5-46DA-82CC-D5C849A549F5} = {72C747A8-8A31-4776-A587-352FEE8F8E6E}
		{FD1FF344-1324-4B5D-BAF4-8EC71D191136} = {72C747A8-8A31-4776-A587-352FEE8F8E6E}
		{1396F7E8-970E-4CD3-AE5C-BFFCE54C7696} = {72C747A8-8A31-4776-A587-352FEE8F8E6E}
		{9F155551-0353-427A-9619-6FBD339CC353} = {72C747A8-8A31-4776-A587-352FEE8F8E6E}
		{517BEC80-8481-4609-B476-20E84CD6666B} = {F56A895A-09C9-47F6-A1D8-E0F8BE745EE1}
		{5125DCBB-A86F-4922-A59B-50A547486BFE} = {72C747A8-8A31-4776-A587-352FEE8F8E6E}
		{F6628650-391B-48B1-A661-710D8CB1E3A6} = {F56A895A-09C9-47F6-A1D8-E0F8BE745EE1}
		{9083DFFE-796A-46B9-8EEE-F6DFCB569851} = {DFBBF18B-EEA1-4798-BB31-598457CAC9D7}
		{C2722B1B-D418-4089-8456-0A9CE0E67EC0} = {DFBBF18B-EEA1-4798-BB31-598457CAC9D7}
		{FE441438-5570-477D-AF61-200C0BC762B9} = {DFBBF18B-EEA1-4798-BB31-598457CAC9D7}
		{1CE93B86-6A2B-46C3-9BF4-CECB42AEBAE4} = {DFBBF18B-EEA1-4798-BB31-598457CAC9D7}
		{F894FA97-CE66-4259-93DE-0D76E93CA247} = {DFBBF18B-EEA1-4798-BB31-598457CAC9D7}
		{62A75C49-D755-428D-A93A-7D879178E2A1} = {469C4B62-5651-4885-B82F-18D661B25115}
		{7DC8260E-E437-4946-83C9-71659ED771F4} = {ACD20A6C-A82B-4F2B-9257-E36421D9C78C}
		{D29DF6B5-72FD-489A-B3C8-83EDF4DA76B0} = {A11E0BB3-4C3C-432C-B528-3417CAD0D5B1}
		{C888D914-0682-4A46-A790-F9B95B56C526} = {A11E0BB3-4C3C-432C-B528-3417CAD0D5B1}
		{0CC9EA85-C5C2-4D91-8AF0-961D1933FFCC} = {A11E0BB3-4C3C-432C-B528-3417CAD0D5B1}
		{B02304BF-FDBF-4B83-A9D7-CDF3E6D7ACBF} = {A11E0BB3-4C3C-432C-B528-3417CAD0D5B1}
		{3A00A0C7-72BB-4787-92C3-0A4D92EF9FA2} = {A11E0BB3-4C3C-432C-B528-3417CAD0D5B1}
		{34DCB397-9240-46F7-B63F-6697FCF39E88} = {54FEE2BB-EBE2-4F7B-9A24-BF6D3CD2FD79}
		{D6054E3F-CA71-4E42-B6C6-BDBD9FDB05D9} = {54FEE2BB-EBE2-4F7B-9A24-BF6D3CD2FD79}
		{18984DDB-15C1-4609-9346-E4B81A1A0095} = {469C4B62-5651-4885-B82F-18D661B25115}
		{90235039-A6DC-4AAE-9B44-DEF9EA60CC92} = {A11E0BB3-4C3C-432C-B528-3417CAD0D5B1}
		{37A0E0C7-7BF9-4394-A97E-E45B6610FDF8} = {A11E0BB3-4C3C-432C-B528-3417CAD0D5B1}
		{38222526-960C-4E97-9DBB-B506A69E5CB0} = {A11E0BB3-4C3C-432C-B528-3417CAD0D5B1}
		{9F381CF1-C2A8-44C6-AB11-EC534266532F} = {A11E0BB3-4C3C-432C-B528-3417CAD0D5B1}
		{81EB725E-4509-48BA-84E2-CEA0D6F6BF28} = {A11E0BB3-4C3C-432C-B528-3417CAD0D5B1}
		{44568DB6-B091-4E17-B33D-923D82C05006} = {99B8C535-9BF4-44F2-96FB-04DE9C68D1D7}
		{838ED97A-8A01-45E4-9E8C-1D8EC095B27E} = {99B8C535-9BF4-44F2-96FB-04DE9C68D1D7}
		{248EE1BB-D757-41CA-BF83-2FEC7718CCD2} = {99B8C535-9BF4-44F2-96FB-04DE9C68D1D7}
		{DF138BF9-A930-45C6-82F1-5A2B7AF2DA2B} = {99B8C535-9BF4-44F2-96FB-04DE9C68D1D7}
		{590C48E1-4C73-40E4-B584-6765C51E62A2} = {99B8C535-9BF4-44F2-96FB-04DE9C68D1D7}
		{39797600-EB4F-48A9-B5BA-2B47B16A63D6} = {54FEE2BB-EBE2-4F7B-9A24-BF6D3CD2FD79}
		{22C64D10-6A6F-44B0-851E-0CBD3017ADCE} = {54FEE2BB-EBE2-4F7B-9A24-BF6D3CD2FD79}
		{7F8E6699-176D-4C27-87E5-1ED417CC429B} = {54FEE2BB-EBE2-4F7B-9A24-BF6D3CD2FD79}
		{0166F4F9-6432-4499-B50A-35CF51A75E20} = {54FEE2BB-EBE2-4F7B-9A24-BF6D3CD2FD79}
		{FF480A12-92F2-4555-BE18-3164620799CF} = {99B8C535-9BF4-44F2-96FB-04DE9C68D1D7}
		{0E8867A1-EC77-4162-ACC2-D1555A00C717} = {F56A895A-09C9-47F6-A1D8-E0F8BE745EE1}
		{B815FF20-C7C5-4EA2-88C3-A560C94A7695} = {F56A895A-09C9-47F6-A1D8-E0F8BE745EE1}
		{CA1CC3F0-51D9-40DC-BFCE-E2E93B0555B0} = {ACD20A6C-A82B-4F2B-9257-E36421D9C78C}
		{326F10A6-C7D7-43AA-9C2C-EFC909C2EDAC} = {54FEE2BB-EBE2-4F7B-9A24-BF6D3CD2FD79}
		{8D264B28-37FB-4376-B601-E25FF5C8E657} = {DFBBF18B-EEA1-4798-BB31-598457CAC9D7}
		{FECE188C-3F65-421F-95D2-8A81901F63FC} = {A11E0BB3-4C3C-432C-B528-3417CAD0D5B1}
		{8DE661C9-0584-4F48-8273-879589195EDE} = {ACD20A6C-A82B-4F2B-9257-E36421D9C78C}
		{BCEA7008-61BA-49F5-881F-BE2D37D783D8} = {99B8C535-9BF4-44F2-96FB-04DE9C68D1D7}
		{E52F80F2-2199-40C9-812E-BC0F0A5D8001} = {C2E175D6-0D1C-4B22-A125-B80EDA41E00F}
		{9CBD8708-FDE4-4CC1-B24C-F9048797ED27} = {99B8C535-9BF4-44F2-96FB-04DE9C68D1D7}
	EndGlobalSection
	GlobalSection(ExtensibilityGlobals) = postSolution
		SolutionGuid = {7DA25D94-055D-4CEF-BDCD-F7BD3315697C}
	EndGlobalSection
EndGlobal
